version = 1
revision = 3
requires-python = ">=3.14"

[[package]]
name = "awscrt"
version = "0.32.2"
source = { registry = "https://pypi.org/simple" }
sdist = { url = "https://files.pythonhosted.org/packages/92/cb/980fe60c4209af71d036276217f8b9f372f958e290c15d2849a3de4dcd23/awscrt-0.32.2.tar.gz", hash = "sha256:a4f48805e8a66237923f03b7b692d213994cff42d1ff08125d1d60c74fcaf872", size = 36862073, upload-time = "2026-04-24T22:59:55.835Z" }
wheels = [
    { url = "https://files.pythonhosted.org/packages/03/99/a6c712a2f638c766b0879da0eacd9fe5695c64deb89c0357bcc4f1f4df9b/awscrt-0.32.2-cp311-abi3-macosx_10_15_universal2.whl", hash = "sha256:32785f54d0786e07b6491b51f9c2f75ea9e17decd39bb6b66fdc60cd871a49ef", size = 3406247, upload-time = "2026-04-24T22:58:46.268Z" },
    { url = "https://files.pythonhosted.org/packages/a7/03/665c81f3b9d3c56fcdfb8f353c22501bc538d192c431cfaaf307f867d404/awscrt-0.32.2-cp311-abi3-manylinux2014_aarch64.manylinux_2_17_aarch64.whl", hash = "sha256:f8a586c52f41ff14c2f1b8afeb764e231ad3d66acfd42a6b9fb6c8afd8da8fe2", size = 3906890, upload-time = "2026-04-24T22:58:47.96Z" },
    { url = "https://files.pythonhosted.org/packages/31/ad/5db0691a0c72d55a17c03c47149cf15d4602b83b470355c322c9a7f115e8/awscrt-0.32.2-cp311-abi3-manylinux2014_x86_64.manylinux_2_17_x86_64.whl", hash = "sha256:3ef1664588d35dcad2115377120667e689cd7a517da52a481373c9536811ed96", size = 4196631, upload-time = "2026-04-24T22:58:49.244Z" },
    { url = "https://files.pythonhosted.org/packages/9a/66/63a4654b2996158f33e88d74d79178a5812d94a7e0d6c94ec475115dff18/awscrt-0.32.2-cp311-abi3-musllinux_1_1_aarch64.whl", hash = "sha256:7ed7c209136650fe25659436bb4150e5af6eb43d71a0bf294f0bf414428736ee", size = 3818090, upload-time = "2026-04-24T22:58:50.657Z" },
    { url = "https://files.pythonhosted.org/packages/cd/26/b8fee227918465830a0bbba48f54ebf0a5029c3a7d11d4fa973838a79262/awscrt-0.32.2-cp311-abi3-musllinux_1_1_x86_64.whl", hash = "sha256:cfd437122d5a2ec7eb9fffaf2cd8b96543d4a0d7e906b9515b79672005a1607a", size = 4056453, upload-time = "2026-04-24T22:58:52.373Z" },
    { url = "https://files.pythonhosted.org/packages/e3/26/f5b9e9677bf90d1840d4db1513ba92e73601ef82e61a16e747a83493d35c/awscrt-0.32.2-cp311-abi3-win32.whl", hash = "sha256:5197d1e4e780d755632f79f8d32a09a30a9101cccb51ca1694fe25c711b2e801", size = 4066027, upload-time = "2026-04-24T22:58:53.752Z" },
    { url = "https://files.pythonhosted.org/packages/57/0b/fd1798551ecdc8a28d61ecdeda248f99faa3457f83aefa10ab797f466889/awscrt-0.32.2-cp311-abi3-win_amd64.whl", hash = "sha256:80420aa19c074a4c0335f2bd0e4aee3381fa452328d937795a1e0c779f0c052d", size = 4221984, upload-time = "2026-04-24T22:58:55.115Z" },
    { url = "https://files.pythonhosted.org/packages/7b/a3/075e29b39945f398adfb5d5ee4d533e00d37c0f5c68d79b250a1bdb087ba/awscrt-0.32.2-cp313-abi3-macosx_10_15_universal2.whl", hash = "sha256:d2f7aee3bce261ab1ceba1fac404de4d496aa866237161d4257cef92bff9d828", size = 3404901, upload-time = "2026-04-24T22:58:56.492Z" },
    { url = "https://files.pythonhosted.org/packages/e3/41/1c4783b32bf4ec7383156787570ea1221c95c037c2c0f11cbc9e9529ba48/awscrt-0.32.2-cp313-abi3-manylinux2014_aarch64.manylinux_2_17_aarch64.whl", hash = "sha256:ff0fff9c2b613d7fabc298b0fd81f0d7056353f3d20271a852a719c5b2f7ccf4", size = 3897627, upload-time = "2026-04-24T22:58:58.144Z" },
    { url = "https://files.pythonhosted.org/packages/af/2d/5736128847ff4a877d50720ea7a48d7e50a56b78741919e4b6ffabffb1ad/awscrt-0.32.2-cp313-abi3-manylinux2014_x86_64.manylinux_2_17_x86_64.whl", hash = "sha256:79bb11d5d1dfdcfd867aac4a026bee11afbd2154279e12b66588442d8c14bdf7", size = 4189579, upload-time = "2026-04-24T22:58:59.56Z" },
    { url = "https://files.pythonhosted.org/packages/90/f5/064b23d4c927e9b63725ee60c88edb75a1e8f5fd1e97d56d4d6a63fe954b/awscrt-0.32.2-cp313-abi3-musllinux_1_1_aarch64.whl", hash = "sha256:47330f421948207a122092042f235cf82d48fa145c446ff4db12cc8cd3a418b6", size = 3809647, upload-time = "2026-04-24T22:59:00.884Z" },
    { url = "https://files.pythonhosted.org/packages/f5/36/f14ea531cccb6ff85c4d50c9e79e61030675520a393b4af23685d24ea018/awscrt-0.32.2-cp313-abi3-musllinux_1_1_x86_64.whl", hash = "sha256:5ec4d8200eb0158b60e35fbb65faa96ef1eb7763f6ce1192827886ee24c6df99", size = 4051532, upload-time = "2026-04-24T22:59:02.593Z" },
    { url = "https://files.pythonhosted.org/packages/64/aa/b12e721c8148a1bbc58a22cbd204d88d0a6263331049d40c057f9dcd3e11/awscrt-0.32.2-cp313-abi3-win32.whl", hash = "sha256:a81f30a501d2eb6ba52c769cd6ecb3f7005512fba4a533211dc717e1115b0d94", size = 4062484, upload-time = "2026-04-24T22:59:04.251Z" },
    { url = "https://files.pythonhosted.org/packages/5c/26/9f5f23647465a4fe1b28afce334e54a4264e23b69365024c28955f0c4119/awscrt-0.32.2-cp313-abi3-win_amd64.whl", hash = "sha256:8d731edda20dce5afc15a04731d91136a31779a244672d1f0a292a8b04aa0fd3", size = 4220425, upload-time = "2026-04-24T22:59:05.627Z" },
    { url = "https://files.pythonhosted.org/packages/c7/09/51fca333d42b53ddb04881f53e3cc0f4462872ac81426fbb34f5d0b1d1fb/awscrt-0.32.2-cp314-cp314t-macosx_10_15_universal2.whl", hash = "sha256:7404cb551046bbe7cd454ea75f88b4a1b26f018d1b9bea83dbe46c174789d835", size = 3414716, upload-time = "2026-04-24T22:59:18.918Z" },
    { url = "https://files.pythonhosted.org/packages/39/3a/0ae52a8dfb0e3c37f0129232d79307c65e6ee1ea13a3cbdcf301aaad0a6a/awscrt-0.32.2-cp314-cp314t-manylinux2014_aarch64.manylinux_2_17_aarch64.whl", hash = "sha256:51d6132e9d70de40da07dfad5f17780a652dd4b351c35ca97c79d0fa0186d645", size = 4028980, upload-time = "2026-04-24T22:59:20.316Z" },
    { url = "https://files.pythonhosted.org/packages/2d/7f/7f52020bfcf29122cad77e936d82abaa1f6857a5a70453e8cc734119f0e2/awscrt-0.32.2-cp314-cp314t-manylinux2014_x86_64.manylinux_2_17_x86_64.whl", hash = "sha256:193cc3ecf03a1dd6f989853b6c21549a0a9750c855520fedc8c3c8fbcd32e1bc", size = 4312564, upload-time = "2026-04-24T22:59:21.851Z" },
    { url = "https://files.pythonhosted.org/packages/25/86/2c9b5479e08b8198459d2a781df5524e45d4d0f9c6329bad26979a4d1e85/awscrt-0.32.2-cp314-cp314t-win32.whl", hash = "sha256:25c7e7e6535cb2d2a4d22fd6264f621672d3903491318364dbc59066b63c7186", size = 4195784, upload-time = "2026-04-24T22:59:23.769Z" },
    { url = "https://files.pythonhosted.org/packages/ab/85/a12515514de8969b9e7fa40bb782501a336a8a985cc3093309120a80b627/awscrt-0.32.2-cp314-cp314t-win_amd64.whl", hash = "sha256:a6782c19a00f354c7b232b675f09cde94d1ca37bcf29009b8779b3f6395b27b4", size = 4366435, upload-time = "2026-04-24T22:59:25.53Z" },
]

[[package]]
name = "boto3"
version = "1.43.2"
source = { registry = "https://pypi.org/simple" }
dependencies = [
    { name = "botocore" },
    { name = "jmespath" },
    { name = "s3transfer" },
]
sdist = { url = "https://files.pythonhosted.org/packages/95/cd/bba36079f5d4bd63db7385e6b9dc1845db32407c3f18f56aaddafb75097f/boto3-1.43.2.tar.gz", hash = "sha256:be951cc22769fbcda73fac523b031ee38db45c3ae2b0d828c76b8f6e8e683073", size = 113108, upload-time = "2026-05-01T19:43:13.632Z" }
wheels = [
    { url = "https://files.pythonhosted.org/packages/cb/e5/c9cee72ef678dabcc27acaf8228a2d4157ad26b00e1cc5d48886f8a94c2c/boto3-1.43.2-py3-none-any.whl", hash = "sha256:796e859cfb5e93c55276ce746f8020f691eda6b68a0ec4ce4f6fd07a1cca6859", size = 140501, upload-time = "2026-05-01T19:43:10.5Z" },
]

[[package]]
name = "botocore"
version = "1.43.2"
source = { registry = "https://pypi.org/simple" }
dependencies = [
    { name = "jmespath" },
    { name = "python-dateutil" },
    { name = "urllib3" },
]
sdist = { url = "https://files.pythonhosted.org/packages/2c/b0/65d4c85f16367fb6147d391652d0c386f24b029536f7026e7b98740166cd/botocore-1.43.2.tar.gz", hash = "sha256:7b2ec87b6d0720bff920451ce930e71c2a99cdea48d0eaa66ccf0b21ea747e03", size = 15301186, upload-time = "2026-05-01T19:42:59.748Z" }
wheels = [
    { url = "https://files.pythonhosted.org/packages/bb/52/f57ded73f1527a18e0712281eb49c4ae240038bb4dc7083fd288b4adc811/botocore-1.43.2-py3-none-any.whl", hash = "sha256:b823454d751a1c24bb403b5b07ab65007689654abb21787df923684e0743976c", size = 14982693, upload-time = "2026-05-01T19:42:54.602Z" },
]

[package.optional-dependencies]
crt = [
    { name = "awscrt" },
]

[[package]]
name = "jmespath"
version = "1.1.0"
source = { registry = "https://pypi.org/simple" }
sdist = { url = "https://files.pythonhosted.org/packages/d3/59/322338183ecda247fb5d1763a6cbe46eff7222eaeebafd9fa65d4bf5cb11/jmespath-1.1.0.tar.gz", hash = "sha256:472c87d80f36026ae83c6ddd0f1d05d4e510134ed462851fd5f754c8c3cbb88d", size = 27377, upload-time = "2026-01-22T16:35:26.279Z" }
wheels = [
    { url = "https://files.pythonhosted.org/packages/14/2f/967ba146e6d58cf6a652da73885f52fc68001525b4197effc174321d70b4/jmespath-1.1.0-py3-none-any.whl", hash = "sha256:a5663118de4908c91729bea0acadca56526eb2698e83de10cd116ae0f4e97c64", size = 20419, upload-time = "2026-01-22T16:35:24.919Z" },
]

[[package]]
name = "python-dateutil"
version = "2.9.0.post0"
source = { registry = "https://pypi.org/simple" }
dependencies = [
    { name = "six" },
]
sdist = { url = "https://files.pythonhosted.org/packages/66/c0/0c8b6ad9f17a802ee498c46e004a0eb49bc148f2fd230864601a86dcf6db/python-dateutil-2.9.0.post0.tar.gz", hash = "sha256:37dd54208da7e1cd875388217d5e00ebd4179249f90fb72437e91a35459a0ad3", size = 342432, upload-time = "2024-03-01T18:36:20.211Z" }
wheels = [
    { url = "https://files.pythonhosted.org/packages/ec/57/56b9bcc3c9c6a792fcbaf139543cee77261f3651ca9da0c93f5c1221264b/python_dateutil-2.9.0.post0-py2.py3-none-any.whl", hash = "sha256:a8b2bc7bffae282281c8140a97d3aa9c14da0b136dfe83f850eea9a5f7470427", size = 229892, upload-time = "2024-03-01T18:36:18.57Z" },
]

[[package]]
name = "pyyaml"
version = "6.0.3"
source = { registry = "https://pypi.org/simple" }
sdist = { url = "https://files.pythonhosted.org/packages/05/8e/961c0007c59b8dd7729d542c61a4d537767a59645b82a0b521206e1e25c2/pyyaml-6.0.3.tar.gz", hash = "sha256:d76623373421df22fb4cf8817020cbb7ef15c725b9d5e45f17e189bfc384190f", size = 130960, upload-time = "2025-09-25T21:33:16.546Z" }
wheels = [
    { url = "https://files.pythonhosted.org/packages/9d/8c/f4bd7f6465179953d3ac9bc44ac1a8a3e6122cf8ada906b4f96c60172d43/pyyaml-6.0.3-cp314-cp314-macosx_10_13_x86_64.whl", hash = "sha256:8d1fab6bb153a416f9aeb4b8763bc0f22a5586065f86f7664fc23339fc1c1fac", size = 181814, upload-time = "2025-09-25T21:32:35.712Z" },
    { url = "https://files.pythonhosted.org/packages/bd/9c/4d95bb87eb2063d20db7b60faa3840c1b18025517ae857371c4dd55a6b3a/pyyaml-6.0.3-cp314-cp314-macosx_11_0_arm64.whl", hash = "sha256:34d5fcd24b8445fadc33f9cf348c1047101756fd760b4dacb5c3e99755703310", size = 173809, upload-time = "2025-09-25T21:32:36.789Z" },
    { url = "https://files.pythonhosted.org/packages/92/b5/47e807c2623074914e29dabd16cbbdd4bf5e9b2db9f8090fa64411fc5382/pyyaml-6.0.3-cp314-cp314-manylinux2014_aarch64.manylinux_2_17_aarch64.manylinux_2_28_aarch64.whl", hash = "sha256:501a031947e3a9025ed4405a168e6ef5ae3126c59f90ce0cd6f2bfc477be31b7", size = 766454, upload-time = "2025-09-25T21:32:37.966Z" },
    { url = "https://files.pythonhosted.org/packages/02/9e/e5e9b168be58564121efb3de6859c452fccde0ab093d8438905899a3a483/pyyaml-6.0.3-cp314-cp314-manylinux2014_s390x.manylinux_2_17_s390x.manylinux_2_28_s390x.whl", hash = "sha256:b3bc83488de33889877a0f2543ade9f70c67d66d9ebb4ac959502e12de895788", size = 836355, upload-time = "2025-09-25T21:32:39.178Z" },
    { url = "https://files.pythonhosted.org/packages/88/f9/16491d7ed2a919954993e48aa941b200f38040928474c9e85ea9e64222c3/pyyaml-6.0.3-cp314-cp314-manylinux2014_x86_64.manylinux_2_17_x86_64.manylinux_2_28_x86_64.whl", hash = "sha256:c458b6d084f9b935061bc36216e8a69a7e293a2f1e68bf956dcd9e6cbcd143f5", size = 794175, upload-time = "2025-09-25T21:32:40.865Z" },
    { url = "https://files.pythonhosted.org/packages/dd/3f/5989debef34dc6397317802b527dbbafb2b4760878a53d4166579111411e/pyyaml-6.0.3-cp314-cp314-musllinux_1_2_aarch64.whl", hash = "sha256:7c6610def4f163542a622a73fb39f534f8c101d690126992300bf3207eab9764", size = 755228, upload-time = "2025-09-25T21:32:42.084Z" },
    { url = "https://files.pythonhosted.org/packages/d7/ce/af88a49043cd2e265be63d083fc75b27b6ed062f5f9fd6cdc223ad62f03e/pyyaml-6.0.3-cp314-cp314-musllinux_1_2_x86_64.whl", hash = "sha256:5190d403f121660ce8d1d2c1bb2ef1bd05b5f68533fc5c2ea899bd15f4399b35", size = 789194, upload-time = "2025-09-25T21:32:43.362Z" },
    { url = "https://files.pythonhosted.org/packages/23/20/bb6982b26a40bb43951265ba29d4c246ef0ff59c9fdcdf0ed04e0687de4d/pyyaml-6.0.3-cp314-cp314-win_amd64.whl", hash = "sha256:4a2e8cebe2ff6ab7d1050ecd59c25d4c8bd7e6f400f5f82b96557ac0abafd0ac", size = 156429, upload-time = "2025-09-25T21:32:57.844Z" },
    { url = "https://files.pythonhosted.org/packages/f4/f4/a4541072bb9422c8a883ab55255f918fa378ecf083f5b85e87fc2b4eda1b/pyyaml-6.0.3-cp314-cp314-win_arm64.whl", hash = "sha256:93dda82c9c22deb0a405ea4dc5f2d0cda384168e466364dec6255b293923b2f3", size = 143912, upload-time = "2025-09-25T21:32:59.247Z" },
    { url = "https://files.pythonhosted.org/packages/7c/f9/07dd09ae774e4616edf6cda684ee78f97777bdd15847253637a6f052a62f/pyyaml-6.0.3-cp314-cp314t-macosx_10_13_x86_64.whl", hash = "sha256:02893d100e99e03eda1c8fd5c441d8c60103fd175728e23e431db1b589cf5ab3", size = 189108, upload-time = "2025-09-25T21:32:44.377Z" },
    { url = "https://files.pythonhosted.org/packages/4e/78/8d08c9fb7ce09ad8c38ad533c1191cf27f7ae1effe5bb9400a46d9437fcf/pyyaml-6.0.3-cp314-cp314t-macosx_11_0_arm64.whl", hash = "sha256:c1ff362665ae507275af2853520967820d9124984e0f7466736aea23d8611fba", size = 183641, upload-time = "2025-09-25T21:32:45.407Z" },
    { url = "https://files.pythonhosted.org/packages/7b/5b/3babb19104a46945cf816d047db2788bcaf8c94527a805610b0289a01c6b/pyyaml-6.0.3-cp314-cp314t-manylinux2014_aarch64.manylinux_2_17_aarch64.manylinux_2_28_aarch64.whl", hash = "sha256:6adc77889b628398debc7b65c073bcb99c4a0237b248cacaf3fe8a557563ef6c", size = 831901, upload-time = "2025-09-25T21:32:48.83Z" },
    { url = "https://files.pythonhosted.org/packages/8b/cc/dff0684d8dc44da4d22a13f35f073d558c268780ce3c6ba1b87055bb0b87/pyyaml-6.0.3-cp314-cp314t-manylinux2014_s390x.manylinux_2_17_s390x.manylinux_2_28_s390x.whl", hash = "sha256:a80cb027f6b349846a3bf6d73b5e95e782175e52f22108cfa17876aaeff93702", size = 861132, upload-time = "2025-09-25T21:32:50.149Z" },
    { url = "https://files.pythonhosted.org/packages/b1/5e/f77dc6b9036943e285ba76b49e118d9ea929885becb0a29ba8a7c75e29fe/pyyaml-6.0.3-cp314-cp314t-manylinux2014_x86_64.manylinux_2_17_x86_64.manylinux_2_28_x86_64.whl", hash = "sha256:00c4bdeba853cc34e7dd471f16b4114f4162dc03e6b7afcc2128711f0eca823c", size = 839261, upload-time = "2025-09-25T21:32:51.808Z" },
    { url = "https://files.pythonhosted.org/packages/ce/88/a9db1376aa2a228197c58b37302f284b5617f56a5d959fd1763fb1675ce6/pyyaml-6.0.3-cp314-cp314t-musllinux_1_2_aarch64.whl", hash = "sha256:66e1674c3ef6f541c35191caae2d429b967b99e02040f5ba928632d9a7f0f065", size = 805272, upload-time = "2025-09-25T21:32:52.941Z" },
    { url = "https://files.pythonhosted.org/packages/da/92/1446574745d74df0c92e6aa4a7b0b3130706a4142b2d1a5869f2eaa423c6/pyyaml-6.0.3-cp314-cp314t-musllinux_1_2_x86_64.whl", hash = "sha256:16249ee61e95f858e83976573de0f5b2893b3677ba71c9dd36b9cf8be9ac6d65", size = 829923, upload-time = "2025-09-25T21:32:54.537Z" },
    { url = "https://files.pythonhosted.org/packages/f0/7a/1c7270340330e575b92f397352af856a8c06f230aa3e76f86b39d01b416a/pyyaml-6.0.3-cp314-cp314t-win_amd64.whl", hash = "sha256:4ad1906908f2f5ae4e5a8ddfce73c320c2a1429ec52eafd27138b7f1cbe341c9", size = 174062, upload-time = "2025-09-25T21:32:55.767Z" },
    { url = "https://files.pythonhosted.org/packages/f1/12/de94a39c2ef588c7e6455cfbe7343d3b2dc9d6b6b2f40c4c6565744c873d/pyyaml-6.0.3-cp314-cp314t-win_arm64.whl", hash = "sha256:ebc55a14a21cb14062aa4162f906cd962b28e2e9ea38f9b4391244cd8de4ae0b", size = 149341, upload-time = "2025-09-25T21:32:56.828Z" },
]

[[package]]
name = "s3transfer"
version = "0.17.0"
source = { registry = "https://pypi.org/simple" }
dependencies = [
    { name = "botocore" },
]
sdist = { url = "https://files.pythonhosted.org/packages/9b/ec/7c692cde9125b77e84b307354d4fb705f98b8ccad59a036d5957ca75bfc3/s3transfer-0.17.0.tar.gz", hash = "sha256:9edeb6d1c3c2f89d6050348548834ad8289610d886e5bf7b7207728bd43ce33a", size = 155337, upload-time = "2026-04-29T22:07:36.33Z" }
wheels = [
    { url = "https://files.pythonhosted.org/packages/87/72/c6c32d2b657fa3dad1de340254e14390b1e334ce38268b7ad51abda3c8c2/s3transfer-0.17.0-py3-none-any.whl", hash = "sha256:ce3801712acf4ad3e89fb9990df97b4972e93f4b3b0004d214be5bce12814c20", size = 86811, upload-time = "2026-04-29T22:07:34.966Z" },
]

[[package]]
name = "six"
version = "1.17.0"
source = { registry = "https://pypi.org/simple" }
sdist = { url = "https://files.pythonhosted.org/packages/94/e7/b2c673351809dca68a0e064b6af791aa332cf192da575fd474ed7d6f16a2/six-1.17.0.tar.gz", hash = "sha256:ff70335d468e7eb6ec65b95b99d3a2836546063f63acc5171de367e834932a81", size = 34031, upload-time = "2024-12-04T17:35:28.174Z" }
wheels = [
    { url = "https://files.pythonhosted.org/packages/b7/ce/149a00dd41f10bc29e5921b496af8b574d8413afcd5e30dfa0ed46c2cc5e/six-1.17.0-py2.py3-none-any.whl", hash = "sha256:4721f391ed90541fddacab5acf947aa0d3dc7d27b2e1e8eda2be8970586c3274", size = 11050, upload-time = "2024-12-04T17:35:26.475Z" },
]

[[package]]
name = "soxbox"
version = "0.1.0"
source = { virtual = "." }
dependencies = [
    { name = "boto3" },
    { name = "botocore", extra = ["crt"] },
    { name = "pyyaml" },
]

[package.metadata]
requires-dist = [
    { name = "boto3", specifier = ">=1.34" },
    { name = "botocore", extras = ["crt"], specifier = ">=1.34" },
    { name = "pyyaml", specifier = ">=6.0" },
]

[[package]]
name = "urllib3"
version = "2.6.3"
source = { registry = "https://pypi.org/simple" }
sdist = { url = "https://files.pythonhosted.org/packages/c7/24/5f1b3bdffd70275f6661c76461e25f024d5a38a46f04aaca912426a2b1d3/urllib3-2.6.3.tar.gz", hash = "sha256:1b62b6884944a57dbe321509ab94fd4d3b307075e0c2eae991ac71ee15ad38ed", size = 435556, upload-time = "2026-01-07T16:24:43.925Z" }
wheels = [
    { url = "https://files.pythonhosted.org/packages/39/08/aaaad47bc4e9dc8c725e68f9d04865dbcb2052843ff09c97b08904852d84/urllib3-2.6.3-py3-none-any.whl", hash = "sha256:bf272323e553dfb2e87d9bfd225ca7b0f467b919d7bbd355436d3fd37cb0acd4", size = 131584, upload-time = "2026-01-07T16:24:42.685Z" },
]
